
Microsoft Visual Studio Solution File, Format Version 12.00
# Visual Studio Version 17
VisualStudioVersion = 17.6.33829.357
MinimumVisualStudioVersion = 10.0.40219.1
Project("{FAE04EC0-301F-11D3-BF4B-00C04F79EFBC}") = "Kmakai.ExcelReader", "Kmakai.ExcelReader\Kmakai.ExcelReader.csproj", "{09E8BA61-D17B-44CE-8D39-B60D74C69460}"
EndProject
Global
	GlobalSection(SolutionConfigurationPlatforms) = preSolution
		Debug|Any CPU = Debug|Any CPU
		Release|Any CPU = Release|Any CPU
	EndGlobalSection
	GlobalSection(ProjectConfigurationPlatforms) = postSolution
		{09E8BA61-D17B-44CE-8D39-B60D74C69460}.Debug|Any CPU.ActiveCfg = Debug|Any CPU
		{09E8BA61-D17B-44CE-8D39-B60D74C69460}.Debug|Any CPU.Build.0 = Debug|Any CPU
		{09E8BA61-D17B-44CE-8D39-B60D74C69460}.Release|Any CPU.ActiveCfg = Release|Any CPU
		{09E8BA61-D17B-44CE-8D39-B60D74C69460}.Release|Any CPU.Build.0 = Release|Any CPU
	EndGlobalSection
	GlobalSection(SolutionProperties) = preSolution
		HideSolutionNode = FALSE
	EndGlobalSection
	GlobalSection(ExtensibilityGlobals) = postSolution
		SolutionGuid = {D649A667-D723-48A1-8D19-F59D6FF35619}
	EndGlobalSection
EndGlobal
